# This file was autogenerated by Juvix version 0.6.8.
# Do not edit this file manually.

version: 2
checksum: a59c17d83f69b0399d67eab43a74cc0ac838b84e73b3c84c4fc219e86f0a54a2
dependencies:
- path: .juvix-build/0.6.8/stdlib/
  dependencies: []
- git:
    name: anoma_anoma-applib
    ref: 8e33ca5432f023f8b583c199f972444a6318b79d
    url: https://github.com/anoma/anoma-applib
  dependencies:
  - path: .juvix-build/0.6.8/stdlib/
    dependencies: []
