# This file was autogenerated by Juvix version 0.6.8.
# Do not edit this file manually.

version: 2
checksum: d2a1c7930b246eaa39d6a64a28284620d5c888818e236005e9b87200374c89e3
dependencies:
- path: .juvix-build/0.6.8/stdlib/
  dependencies: []
- git:
    name: anoma_anoma-applib
    ref: 8e33ca5432f023f8b583c199f972444a6318b79d
    url: https://github.com/anoma/anoma-applib
  dependencies:
  - path: .juvix-build/0.6.8/stdlib/
    dependencies: []
