# This file was autogenerated by Juvix version 0.6.8.
# Do not edit this file manually.

version: 2
checksum: 3b11450b8972ab58a10aec093187a8624613cd29f2bed55a5b4b4973b4ed31d0
dependencies:
- path: .juvix-build/0.6.8/stdlib/
  dependencies: []
- git:
    name: anoma_anoma-applib
    ref: d02a5da5d0521fd40b2b255be61d15c39994ff80
    url: https://github.com/anoma/anoma-applib
  dependencies:
  - path: .juvix-build/0.6.8/stdlib/
    dependencies: []
