# This file was autogenerated by Juvix version 0.6.10.
# Do not edit this file manually.

version: 2
checksum: 5918ca66f8cc38f81482888fc3c5650e8bfd78b7a128ea2526817e0d9e3a2cc7
dependencies:
- git:
    name: anoma_juvix-stdlib
    ref: 24e656d9af73891d012c05e1c21d1f1beb80913b
    url: https://github.com/anoma/juvix-stdlib
  dependencies: []
- git:
    name: anoma_anoma-applib
    ref: 0238fef53f816a0e8ef7649bc728d898ae68145a
    url: https://github.com/anoma/anoma-applib
  dependencies:
  - git:
      name: anoma_juvix-stdlib
      ref: 24e656d9af73891d012c05e1c21d1f1beb80913b
      url: https://github.com/anoma/juvix-stdlib
    dependencies: []
  - git:
      name: anoma_juvix-mtl
      ref: 3423b28a18df9393ecc19ac8dd359cf7c0dac41a
      url: https://github.com/anoma/juvix-mtl
    dependencies:
    - git:
        name: anoma_juvix-stdlib
        ref: 4e98315bc937536cbcd1c60178fd3d48e3a9d3c4
        url: https://github.com/anoma/juvix-stdlib
      dependencies: []
- git:
    name: anoma_juvix-mtl
    ref: 3423b28a18df9393ecc19ac8dd359cf7c0dac41a
    url: https://github.com/anoma/juvix-mtl
  dependencies:
  - git:
      name: anoma_juvix-stdlib
      ref: 4e98315bc937536cbcd1c60178fd3d48e3a9d3c4
      url: https://github.com/anoma/juvix-stdlib
    dependencies: []
