# This file was autogenerated by Juvix version 0.6.6.
# Do not edit this file manually.

version: 2
checksum: a2c082ea03273261fd1957971d787ad0f802a19c284df36d83d6fb0d828376c4
dependencies:
- git:
    name: anoma_juvix-stdlib
    ref: 37d3dd74b78f0ec0c48c8adc44f5b99c6d068464
    url: https://github.com/anoma/juvix-stdlib
  dependencies: []
- git:
    name: anoma_juvix-arm-specs
    ref: 33731a510a0c9e1eb077ef8140521184b89fd16d
    url: https://github.com/anoma/juvix-arm-specs
  dependencies:
  - git:
      name: anoma_juvix-stdlib
      ref: 37d3dd74b78f0ec0c48c8adc44f5b99c6d068464
      url: https://github.com/anoma/juvix-stdlib
    dependencies: []
- git:
    name: anoma_juvix-test
    ref: 3103c41e055eb9018a851fd3688cd608cad8f55d
    url: https://github.com/anoma/juvix-test
  dependencies:
  - git:
      name: anoma_juvix-stdlib
      ref: 615a02c8107076ca9661c5234d41792be91a5104
      url: https://github.com/anoma/juvix-stdlib
    dependencies: []
- git:
    name: anoma_anoma-applib
    ref: 5b28b2a25be7aa48a4a241b11206ef2cf9024aa9
    url: https://github.com/anoma/anoma-applib
  dependencies:
  - git:
      name: anoma_juvix-stdlib
      ref: 37d3dd74b78f0ec0c48c8adc44f5b99c6d068464
      url: https://github.com/anoma/juvix-stdlib
    dependencies: []
  - git:
      name: anoma_juvix-test
      ref: 3103c41e055eb9018a851fd3688cd608cad8f55d
      url: https://github.com/anoma/juvix-test
    dependencies:
    - git:
        name: anoma_juvix-stdlib
        ref: 615a02c8107076ca9661c5234d41792be91a5104
        url: https://github.com/anoma/juvix-stdlib
      dependencies: []
  - git:
      name: anoma_juvix-arm-specs
      ref: ee6a50bc18b1e34e8c1f717cec81707b3e6a7357
      url: https://github.com/anoma/juvix-arm-specs
    dependencies:
    - git:
        name: anoma_juvix-stdlib
        ref: 37d3dd74b78f0ec0c48c8adc44f5b99c6d068464
        url: https://github.com/anoma/juvix-stdlib
      dependencies: []
