# This file was autogenerated by Juvix version 0.6.10.
# Do not edit this file manually.

version: 2
checksum: 4f8bb35512401c50d10c226aaaa7112feb22b7370b5ee262ea9467a09c7e99c2
dependencies:
- git:
    name: anoma_juvix-stdlib
    ref: 24e656d9af73891d012c05e1c21d1f1beb80913b
    url: https://github.com/anoma/juvix-stdlib
  dependencies: []
- git:
    name: anoma_anoma-applib
    ref: b0c18887dd858a3f6683f16d7e4376402c239770
    url: https://github.com/anoma/anoma-applib
  dependencies:
  - git:
      name: anoma_juvix-stdlib
      ref: 24e656d9af73891d012c05e1c21d1f1beb80913b
      url: https://github.com/anoma/juvix-stdlib
    dependencies: []
  - git:
      name: anoma_juvix-mtl
      ref: 3423b28a18df9393ecc19ac8dd359cf7c0dac41a
      url: https://github.com/anoma/juvix-mtl
    dependencies:
    - git:
        name: anoma_juvix-stdlib
        ref: 4e98315bc937536cbcd1c60178fd3d48e3a9d3c4
        url: https://github.com/anoma/juvix-stdlib
      dependencies: []
- git:
    name: anoma_juvix-mtl
    ref: 3423b28a18df9393ecc19ac8dd359cf7c0dac41a
    url: https://github.com/anoma/juvix-mtl
  dependencies:
  - git:
      name: anoma_juvix-stdlib
      ref: 4e98315bc937536cbcd1c60178fd3d48e3a9d3c4
      url: https://github.com/anoma/juvix-stdlib
    dependencies: []
