# This file was autogenerated by Juvix version 0.6.9.
# Do not edit this file manually.

version: 2
checksum: f457067a0393ac8405033e232bdbfd3c2708d16d1542a0603b22184df2a1ca07
dependencies:
- git:
    name: anoma_juvix-stdlib
    ref: 4e98315bc937536cbcd1c60178fd3d48e3a9d3c4
    url: https://github.com/anoma/juvix-stdlib
  dependencies: []
- git:
    name: anoma_anoma-applib
    ref: 600191855a89da395e87123f41e478fcf52af079
    url: https://github.com/anoma/anoma-applib
  dependencies:
  - git:
      name: anoma_juvix-stdlib
      ref: 4e98315bc937536cbcd1c60178fd3d48e3a9d3c4
      url: https://github.com/anoma/juvix-stdlib
    dependencies: []
  - git:
      name: anoma_juvix-mtl
      ref: e8f6438b123c1b30ec5153344e13886c76afae89
      url: https://github.com/anoma/juvix-mtl
    dependencies:
    - git:
        name: anoma_juvix-stdlib
        ref: 4e98315bc937536cbcd1c60178fd3d48e3a9d3c4
        url: https://github.com/anoma/juvix-stdlib
      dependencies: []
- git:
    name: anoma_juvix-mtl
    ref: e8f6438b123c1b30ec5153344e13886c76afae89
    url: https://github.com/anoma/juvix-mtl
  dependencies:
  - git:
      name: anoma_juvix-stdlib
      ref: 4e98315bc937536cbcd1c60178fd3d48e3a9d3c4
      url: https://github.com/anoma/juvix-stdlib
    dependencies: []
