# This file was autogenerated by Juvix version 0.6.3.
# Do not edit this file manually.

version: 2
checksum: 3705cacdc8cf21a39ad9c59e5a990c83fa9e5067175b2e5a96083b9184f1841a
dependencies:
- path: .juvix-build/stdlib/
  dependencies: []
- git:
    name: anoma_juvix-anoma-stdlib
    ref: 6c17610c7632bebd0d0c1e129c7008edc2bbe72b
    url: https://github.com/anoma/juvix-anoma-stdlib
  dependencies:
  - git:
      name: anoma_juvix-stdlib
      ref: 89a5960fb8a29291e9271986b98ca7b1edf4031b
      url: https://github.com/anoma/juvix-stdlib
    dependencies: []
