# This file was autogenerated by Juvix version 0.6.6.
# Do not edit this file manually.

version: 2
checksum: 4813682ec934e3cbe5d8013c5b35d72bf896d240a2f55ef3ebd3d622a3aaca3a
dependencies:
- git:
    name: anoma_juvix-stdlib
    ref: ff351799c068e7b3e23dd903547d228dc30aff5e
    url: https://github.com/anoma/juvix-stdlib
  dependencies: []
- git:
    name: anoma_juvix-arm-transparent
    ref: c5d16b93ec2d01686c5dd934ce671a51edab344a
    url: https://github.com/anoma/juvix-arm-transparent
  dependencies:
  - git:
      name: anoma_juvix-stdlib
      ref: ff351799c068e7b3e23dd903547d228dc30aff5e
      url: https://github.com/anoma/juvix-stdlib
    dependencies: []
- git:
    name: anoma_anoma-app-lib
    ref: 3546d48baf19479db9feb30f68c841175b279f48
    url: https://github.com/anoma/anoma-app-lib
  dependencies:
  - git:
      name: anoma_juvix-stdlib
      ref: ff351799c068e7b3e23dd903547d228dc30aff5e
      url: https://github.com/anoma/juvix-stdlib
    dependencies: []
  - git:
      name: anoma_juvix-test
      ref: 3103c41e055eb9018a851fd3688cd608cad8f55d
      url: https://github.com/anoma/juvix-test
    dependencies:
    - git:
        name: anoma_juvix-stdlib
        ref: 615a02c8107076ca9661c5234d41792be91a5104
        url: https://github.com/anoma/juvix-stdlib
      dependencies: []
  - git:
      name: anoma_juvix-arm-transparent
      ref: c5d16b93ec2d01686c5dd934ce671a51edab344a
      url: https://github.com/anoma/juvix-arm-transparent
    dependencies:
    - git:
        name: anoma_juvix-stdlib
        ref: ff351799c068e7b3e23dd903547d228dc30aff5e
        url: https://github.com/anoma/juvix-stdlib
      dependencies: []
- git:
    name: anoma_juvix-test
    ref: 3103c41e055eb9018a851fd3688cd608cad8f55d
    url: https://github.com/anoma/juvix-test
  dependencies:
  - git:
      name: anoma_juvix-stdlib
      ref: 615a02c8107076ca9661c5234d41792be91a5104
      url: https://github.com/anoma/juvix-stdlib
    dependencies: []
