# This file was autogenerated by Juvix version 0.6.10.
# Do not edit this file manually.

version: 2
checksum: b59cd94d38027f83590eba0ed4ae427a8d2044c876d99d3153e666180d14a884
dependencies:
- git:
    name: anoma_juvix-stdlib
    ref: 24988693716daa8476806a812e71ce229983f5fa
    url: https://github.com/anoma/juvix-stdlib
  dependencies: []
- git:
    name: anoma_anoma-applib
    ref: 0d37fc820682d2525b02e45427750eb9fb83e182
    url: https://github.com/anoma/anoma-applib
  dependencies:
  - git:
      name: anoma_juvix-stdlib
      ref: 24988693716daa8476806a812e71ce229983f5fa
      url: https://github.com/anoma/juvix-stdlib
    dependencies: []
  - git:
      name: anoma_juvix-mtl
      ref: deb95fae8d728b916fb352d84e1b92d0320cf513
      url: https://github.com/anoma/juvix-mtl
    dependencies:
    - git:
        name: anoma_juvix-stdlib
        ref: 24988693716daa8476806a812e71ce229983f5fa
        url: https://github.com/anoma/juvix-stdlib
      dependencies: []
- git:
    name: anoma_juvix-mtl
    ref: deb95fae8d728b916fb352d84e1b92d0320cf513
    url: https://github.com/anoma/juvix-mtl
  dependencies:
  - git:
      name: anoma_juvix-stdlib
      ref: 24988693716daa8476806a812e71ce229983f5fa
      url: https://github.com/anoma/juvix-stdlib
    dependencies: []
